// !$*UTF8*$!
{
	archiveVersion = 1;
	classes = {
	};
	objectVersion = 55;
	objects = {

/* Begin PBXBuildFile section */
		4DB9A34928996BAF0035C1B2 /* AppDelegate.swift in Sources */ = {isa = PBXBuildFile; fileRef = 4DB9A34828996BAF0035C1B2 /* AppDelegate.swift */; };
		4DB9A34B28996BAF0035C1B2 /* SceneDelegate.swift in Sources */ = {isa = PBXBuildFile; fileRef = 4DB9A34A28996BAF0035C1B2 /* SceneDelegate.swift */; };
		4DB9A34D28996BAF0035C1B2 /* ViewController.swift in Sources */ = {isa = PBXBuildFile; fileRef = 4DB9A34C28996BAF0035C1B2 /* ViewController.swift */; };
		4DB9A35028996BAF0035C1B2 /* Main.storyboard in Resources */ = {isa = PBXBuildFile; fileRef = 4DB9A34E28996BAF0035C1B2 /* Main.storyboard */; };
		4DB9A35228996BB00035C1B2 /* Assets.xcassets in Resources */ = {isa = PBXBuildFile; fileRef = 4DB9A35128996BB00035C1B2 /* Assets.xcassets */; };
		4DB9A35528996BB00035C1B2 /* LaunchScreen.storyboard in Resources */ = {isa = PBXBuildFile; fileRef = 4DB9A35328996BB00035C1B2 /* LaunchScreen.storyboard */; };
		8B26962D2899B2E2007AEEE9 /* SearchMovieViewController.swift in Sources */ = {isa = PBXBuildFile; fileRef = 8B26962C2899B2E2007AEEE9 /* SearchMovieViewController.swift */; };
		8B6AC8442899BE2300BD507A /* SearchMovieView.swift in Sources */ = {isa = PBXBuildFile; fileRef = 8B6AC8432899BE2300BD507A /* SearchMovieView.swift */; };
		8BF80D862899B7D500B6A512 /* ViewConfiguration.swift in Sources */ = {isa = PBXBuildFile; fileRef = 8BF80D852899B7D500B6A512 /* ViewConfiguration.swift */; };
		F3A5B5ABC7ACDD5FF53C49B0 /* Pods_HorrorBM.framework in Frameworks */ = {isa = PBXBuildFile; fileRef = 8D4CB30D516494CB77B9420A /* Pods_HorrorBM.framework */; };
/* End PBXBuildFile section */

/* Begin PBXFileReference section */
		4DB9A34528996BAF0035C1B2 /* HorrorBM.app */ = {isa = PBXFileReference; explicitFileType = wrapper.application; includeInIndex = 0; path = HorrorBM.app; sourceTree = BUILT_PRODUCTS_DIR; };
		4DB9A34828996BAF0035C1B2 /* AppDelegate.swift */ = {isa = PBXFileReference; lastKnownFileType = sourcecode.swift; path = AppDelegate.swift; sourceTree = "<group>"; };
		4DB9A34A28996BAF0035C1B2 /* SceneDelegate.swift */ = {isa = PBXFileReference; lastKnownFileType = sourcecode.swift; path = SceneDelegate.swift; sourceTree = "<group>"; };
		4DB9A34C28996BAF0035C1B2 /* ViewController.swift */ = {isa = PBXFileReference; lastKnownFileType = sourcecode.swift; path = ViewController.swift; sourceTree = "<group>"; };
		4DB9A34F28996BAF0035C1B2 /* Base */ = {isa = PBXFileReference; lastKnownFileType = file.storyboard; name = Base; path = Base.lproj/Main.storyboard; sourceTree = "<group>"; };
		4DB9A35128996BB00035C1B2 /* Assets.xcassets */ = {isa = PBXFileReference; lastKnownFileType = folder.assetcatalog; path = Assets.xcassets; sourceTree = "<group>"; };
		4DB9A35428996BB00035C1B2 /* Base */ = {isa = PBXFileReference; lastKnownFileType = file.storyboard; name = Base; path = Base.lproj/LaunchScreen.storyboard; sourceTree = "<group>"; };
		4DB9A35628996BB00035C1B2 /* Info.plist */ = {isa = PBXFileReference; lastKnownFileType = text.plist.xml; path = Info.plist; sourceTree = "<group>"; };
		8625A6B850225B23043576EA /* Pods-HorrorBM.debug.xcconfig */ = {isa = PBXFileReference; includeInIndex = 1; lastKnownFileType = text.xcconfig; name = "Pods-HorrorBM.debug.xcconfig"; path = "Target Support Files/Pods-HorrorBM/Pods-HorrorBM.debug.xcconfig"; sourceTree = "<group>"; };
		8B26962C2899B2E2007AEEE9 /* SearchMovieViewController.swift */ = {isa = PBXFileReference; lastKnownFileType = sourcecode.swift; path = SearchMovieViewController.swift; sourceTree = "<group>"; };
		8B6AC8432899BE2300BD507A /* SearchMovieView.swift */ = {isa = PBXFileReference; lastKnownFileType = sourcecode.swift; path = SearchMovieView.swift; sourceTree = "<group>"; };
		8BF80D852899B7D500B6A512 /* ViewConfiguration.swift */ = {isa = PBXFileReference; lastKnownFileType = sourcecode.swift; path = ViewConfiguration.swift; sourceTree = "<group>"; };
		8D4CB30D516494CB77B9420A /* Pods_HorrorBM.framework */ = {isa = PBXFileReference; explicitFileType = wrapper.framework; includeInIndex = 0; path = Pods_HorrorBM.framework; sourceTree = BUILT_PRODUCTS_DIR; };
		C80F767F1A2FCB4620705C5C /* Pods-HorrorBM.release.xcconfig */ = {isa = PBXFileReference; includeInIndex = 1; lastKnownFileType = text.xcconfig; name = "Pods-HorrorBM.release.xcconfig"; path = "Target Support Files/Pods-HorrorBM/Pods-HorrorBM.release.xcconfig"; sourceTree = "<group>"; };
/* End PBXFileReference section */

/* Begin PBXFrameworksBuildPhase section */
		4DB9A34228996BAF0035C1B2 /* Frameworks */ = {
			isa = PBXFrameworksBuildPhase;
			buildActionMask = 2147483647;
			files = (
				F3A5B5ABC7ACDD5FF53C49B0 /* Pods_HorrorBM.framework in Frameworks */,
			);
			runOnlyForDeploymentPostprocessing = 0;
		};
/* End PBXFrameworksBuildPhase section */

/* Begin PBXGroup section */
		042CB503E3D8843269469D3A /* Frameworks */ = {
			isa = PBXGroup;
			children = (
				8D4CB30D516494CB77B9420A /* Pods_HorrorBM.framework */,
			);
			name = Frameworks;
			sourceTree = "<group>";
		};
		4DB9A33C28996BAE0035C1B2 = {
			isa = PBXGroup;
			children = (
				4DB9A34728996BAF0035C1B2 /* HorrorBM */,
				4DB9A34628996BAF0035C1B2 /* Products */,
				59343F8A89933387056EBCA6 /* Pods */,
				042CB503E3D8843269469D3A /* Frameworks */,
			);
			sourceTree = "<group>";
		};
		4DB9A34628996BAF0035C1B2 /* Products */ = {
			isa = PBXGroup;
			children = (
				4DB9A34528996BAF0035C1B2 /* HorrorBM.app */,
			);
			name = Products;
			sourceTree = "<group>";
		};
		4DB9A34728996BAF0035C1B2 /* HorrorBM */ = {
			isa = PBXGroup;
			children = (
				8BF80D842899B7A200B6A512 /* Protocol */,
				8B2696292899B274007AEEE9 /* Presentation */,
				4DB9A34828996BAF0035C1B2 /* AppDelegate.swift */,
				4DB9A34A28996BAF0035C1B2 /* SceneDelegate.swift */,
				4DB9A34C28996BAF0035C1B2 /* ViewController.swift */,
				4DB9A34E28996BAF0035C1B2 /* Main.storyboard */,
				4DB9A35128996BB00035C1B2 /* Assets.xcassets */,
				4DB9A35328996BB00035C1B2 /* LaunchScreen.storyboard */,
				4DB9A35628996BB00035C1B2 /* Info.plist */,
			);
			path = HorrorBM;
			sourceTree = "<group>";
		};
		59343F8A89933387056EBCA6 /* Pods */ = {
			isa = PBXGroup;
			children = (
				8625A6B850225B23043576EA /* Pods-HorrorBM.debug.xcconfig */,
				C80F767F1A2FCB4620705C5C /* Pods-HorrorBM.release.xcconfig */,
			);
			path = Pods;
			sourceTree = "<group>";
		};
		8B2696292899B274007AEEE9 /* Presentation */ = {
			isa = PBXGroup;
			children = (
				8B26962A2899B28E007AEEE9 /* Search */,
			);
			path = Presentation;
			sourceTree = "<group>";
		};
		8B26962A2899B28E007AEEE9 /* Search */ = {
			isa = PBXGroup;
			children = (
				8B6AC8422899BE0700BD507A /* View */,
				8B26962B2899B2B4007AEEE9 /* ViewController */,
			);
			path = Search;
			sourceTree = "<group>";
		};
		8B26962B2899B2B4007AEEE9 /* ViewController */ = {
			isa = PBXGroup;
			children = (
				8B26962C2899B2E2007AEEE9 /* SearchMovieViewController.swift */,
			);
			path = ViewController;
			sourceTree = "<group>";
		};
		8B6AC8422899BE0700BD507A /* View */ = {
			isa = PBXGroup;
			children = (
				8B6AC8432899BE2300BD507A /* SearchMovieView.swift */,
			);
			path = View;
			sourceTree = "<group>";
		};
		8BF80D842899B7A200B6A512 /* Protocol */ = {
			isa = PBXGroup;
			children = (
				8BF80D852899B7D500B6A512 /* ViewConfiguration.swift */,
			);
			path = Protocol;
			sourceTree = "<group>";
		};
/* End PBXGroup section */

/* Begin PBXNativeTarget section */
		4DB9A34428996BAF0035C1B2 /* HorrorBM */ = {
			isa = PBXNativeTarget;
			buildConfigurationList = 4DB9A35928996BB00035C1B2 /* Build configuration list for PBXNativeTarget "HorrorBM" */;
			buildPhases = (
				EDCA31617E217E027BFED2E9 /* [CP] Check Pods Manifest.lock */,
				4DB9A34128996BAF0035C1B2 /* Sources */,
				4DB9A34228996BAF0035C1B2 /* Frameworks */,
				4DB9A34328996BAF0035C1B2 /* Resources */,
				E30C518B9C6BF4738C6CD202 /* [CP] Embed Pods Frameworks */,
			);
			buildRules = (
			);
			dependencies = (
			);
			name = HorrorBM;
			productName = HorrorBM;
			productReference = 4DB9A34528996BAF0035C1B2 /* HorrorBM.app */;
			productType = "com.apple.product-type.application";
		};
/* End PBXNativeTarget section */

/* Begin PBXProject section */
		4DB9A33D28996BAE0035C1B2 /* Project object */ = {
			isa = PBXProject;
			attributes = {
				BuildIndependentTargetsInParallel = 1;
				LastSwiftUpdateCheck = 1340;
				LastUpgradeCheck = 1340;
				TargetAttributes = {
					4DB9A34428996BAF0035C1B2 = {
						CreatedOnToolsVersion = 13.4.1;
					};
				};
			};
			buildConfigurationList = 4DB9A34028996BAE0035C1B2 /* Build configuration list for PBXProject "HorrorBM" */;
			compatibilityVersion = "Xcode 13.0";
			developmentRegion = en;
			hasScannedForEncodings = 0;
			knownRegions = (
				en,
				Base,
			);
			mainGroup = 4DB9A33C28996BAE0035C1B2;
			productRefGroup = 4DB9A34628996BAF0035C1B2 /* Products */;
			projectDirPath = "";
			projectRoot = "";
			targets = (
				4DB9A34428996BAF0035C1B2 /* HorrorBM */,
			);
		};
/* End PBXProject section */

/* Begin PBXResourcesBuildPhase section */
		4DB9A34328996BAF0035C1B2 /* Resources */ = {
			isa = PBXResourcesBuildPhase;
			buildActionMask = 2147483647;
			files = (
				4DB9A35528996BB00035C1B2 /* LaunchScreen.storyboard in Resources */,
				4DB9A35228996BB00035C1B2 /* Assets.xcassets in Resources */,
				4DB9A35028996BAF0035C1B2 /* Main.storyboard in Resources */,
			);
			runOnlyForDeploymentPostprocessing = 0;
		};
/* End PBXResourcesBuildPhase section */

/* Begin PBXShellScriptBuildPhase section */
		E30C518B9C6BF4738C6CD202 /* [CP] Embed Pods Frameworks */ = {
			isa = PBXShellScriptBuildPhase;
			buildActionMask = 2147483647;
			files = (
			);
			inputFileListPaths = (
				"${PODS_ROOT}/Target Support Files/Pods-HorrorBM/Pods-HorrorBM-frameworks-${CONFIGURATION}-input-files.xcfilelist",
			);
			name = "[CP] Embed Pods Frameworks";
			outputFileListPaths = (
				"${PODS_ROOT}/Target Support Files/Pods-HorrorBM/Pods-HorrorBM-frameworks-${CONFIGURATION}-output-files.xcfilelist",
			);
			runOnlyForDeploymentPostprocessing = 0;
			shellPath = /bin/sh;
			shellScript = "\"${PODS_ROOT}/Target Support Files/Pods-HorrorBM/Pods-HorrorBM-frameworks.sh\"\n";
			showEnvVarsInLog = 0;
		};
		EDCA31617E217E027BFED2E9 /* [CP] Check Pods Manifest.lock */ = {
			isa = PBXShellScriptBuildPhase;
			buildActionMask = 2147483647;
			files = (
			);
			inputFileListPaths = (
			);
			inputPaths = (
				"${PODS_PODFILE_DIR_PATH}/Podfile.lock",
				"${PODS_ROOT}/Manifest.lock",
			);
			name = "[CP] Check Pods Manifest.lock";
			outputFileListPaths = (
			);
			outputPaths = (
				"$(DERIVED_FILE_DIR)/Pods-HorrorBM-checkManifestLockResult.txt",
			);
			runOnlyForDeploymentPostprocessing = 0;
			shellPath = /bin/sh;
			shellScript = "diff \"${PODS_PODFILE_DIR_PATH}/Podfile.lock\" \"${PODS_ROOT}/Manifest.lock\" > /dev/null\nif [ $? != 0 ] ; then\n    # print error to STDERR\n    echo \"error: The sandbox is not in sync with the Podfile.lock. Run 'pod install' or update your CocoaPods installation.\" >&2\n    exit 1\nfi\n# This output is used by Xcode 'outputs' to avoid re-running this script phase.\necho \"SUCCESS\" > \"${SCRIPT_OUTPUT_FILE_0}\"\n";
			showEnvVarsInLog = 0;
		};
/* End PBXShellScriptBuildPhase section */

/* Begin PBXSourcesBuildPhase section */
		4DB9A34128996BAF0035C1B2 /* Sources */ = {
			isa = PBXSourcesBuildPhase;
			buildActionMask = 2147483647;
			files = (
				4DB9A34D28996BAF0035C1B2 /* ViewController.swift in Sources */,
				4DB9A34928996BAF0035C1B2 /* AppDelegate.swift in Sources */,
				4DB9A34B28996BAF0035C1B2 /* SceneDelegate.swift in Sources */,
				8BF80D862899B7D500B6A512 /* ViewConfiguration.swift in Sources */,
				8B26962D2899B2E2007AEEE9 /* SearchMovieViewController.swift in Sources */,
				8B6AC8442899BE2300BD507A /* SearchMovieView.swift in Sources */,
			);
			runOnlyForDeploymentPostprocessing = 0;
		};
/* End PBXSourcesBuildPhase section */

/* Begin PBXVariantGroup section */
		4DB9A34E28996BAF0035C1B2 /* Main.storyboard */ = {
			isa = PBXVariantGroup;
			children = (
				4DB9A34F28996BAF0035C1B2 /* Base */,
			);
			name = Main.storyboard;
			sourceTree = "<group>";
		};
		4DB9A35328996BB00035C1B2 /* LaunchScreen.storyboard */ = {
			isa = PBXVariantGroup;
			children = (
				4DB9A35428996BB00035C1B2 /* Base */,
			);
			name = LaunchScreen.storyboard;
			sourceTree = "<group>";
		};
/* End PBXVariantGroup section */

/* Begin XCBuildConfiguration section */
		4DB9A35728996BB00035C1B2 /* Debug */ = {
			isa = XCBuildConfiguration;
			buildSettings = {
				ALWAYS_SEARCH_USER_PATHS = NO;
				CLANG_ANALYZER_NONNULL = YES;
				CLANG_ANALYZER_NUMBER_OBJECT_CONVERSION = YES_AGGRESSIVE;
				CLANG_CXX_LANGUAGE_STANDARD = "gnu++17";
				CLANG_ENABLE_MODULES = YES;
				CLANG_ENABLE_OBJC_ARC = YES;
				CLANG_ENABLE_OBJC_WEAK = YES;
				CLANG_WARN_BLOCK_CAPTURE_AUTORELEASING = YES;
				CLANG_WARN_BOOL_CONVERSION = YES;
				CLANG_WARN_COMMA = YES;
				CLANG_WARN_CONSTANT_CONVERSION = YES;
				CLANG_WARN_DEPRECATED_OBJC_IMPLEMENTATIONS = YES;
				CLANG_WARN_DIRECT_OBJC_ISA_USAGE = YES_ERROR;
				CLANG_WARN_DOCUMENTATION_COMMENTS = YES;
				CLANG_WARN_EMPTY_BODY = YES;
				CLANG_WARN_ENUM_CONVERSION = YES;
				CLANG_WARN_INFINITE_RECURSION = YES;
				CLANG_WARN_INT_CONVERSION = YES;
				CLANG_WARN_NON_LITERAL_NULL_CONVERSION = YES;
				CLANG_WARN_OBJC_IMPLICIT_RETAIN_SELF = YES;
				CLANG_WARN_OBJC_LITERAL_CONVERSION = YES;
				CLANG_WARN_OBJC_ROOT_CLASS = YES_ERROR;
				CLANG_WARN_QUOTED_INCLUDE_IN_FRAMEWORK_HEADER = YES;
				CLANG_WARN_RANGE_LOOP_ANALYSIS = YES;
				CLANG_WARN_STRICT_PROTOTYPES = YES;
				CLANG_WARN_SUSPICIOUS_MOVE = YES;
				CLANG_WARN_UNGUARDED_AVAILABILITY = YES_AGGRESSIVE;
				CLANG_WARN_UNREACHABLE_CODE = YES;
				CLANG_WARN__DUPLICATE_METHOD_MATCH = YES;
				COPY_PHASE_STRIP = NO;
				DEBUG_INFORMATION_FORMAT = dwarf;
				ENABLE_STRICT_OBJC_MSGSEND = YES;
				ENABLE_TESTABILITY = YES;
				GCC_C_LANGUAGE_STANDARD = gnu11;
				GCC_DYNAMIC_NO_PIC = NO;
				GCC_NO_COMMON_BLOCKS = YES;
				GCC_OPTIMIZATION_LEVEL = 0;
				GCC_PREPROCESSOR_DEFINITIONS = (
					"DEBUG=1",
					"$(inherited)",
				);
				GCC_WARN_64_TO_32_BIT_CONVERSION = YES;
				GCC_WARN_ABOUT_RETURN_TYPE = YES_ERROR;
				GCC_WARN_UNDECLARED_SELECTOR = YES;
				GCC_WARN_UNINITIALIZED_AUTOS = YES_AGGRESSIVE;
				GCC_WARN_UNUSED_FUNCTION = YES;
				GCC_WARN_UNUSED_VARIABLE = YES;
				IPHONEOS_DEPLOYMENT_TARGET = 15.5;
				MTL_ENABLE_DEBUG_INFO = INCLUDE_SOURCE;
				MTL_FAST_MATH = YES;
				ONLY_ACTIVE_ARCH = YES;
				SDKROOT = iphoneos;
				SWIFT_ACTIVE_COMPILATION_CONDITIONS = DEBUG;
				SWIFT_OPTIMIZATION_LEVEL = "-Onone";
			};
			name = Debug;
		};
		4DB9A35828996BB00035C1B2 /* Release */ = {
			isa = XCBuildConfiguration;
			buildSettings = {
				ALWAYS_SEARCH_USER_PATHS = NO;
				CLANG_ANALYZER_NONNULL = YES;
				CLANG_ANALYZER_NUMBER_OBJECT_CONVERSION = YES_AGGRESSIVE;
				CLANG_CXX_LANGUAGE_STANDARD = "gnu++17";
				CLANG_ENABLE_MODULES = YES;
				CLANG_ENABLE_OBJC_ARC = YES;
				CLANG_ENABLE_OBJC_WEAK = YES;
				CLANG_WARN_BLOCK_CAPTURE_AUTORELEASING = YES;
				CLANG_WARN_BOOL_CONVERSION = YES;
				CLANG_WARN_COMMA = YES;
				CLANG_WARN_CONSTANT_CONVERSION = YES;
				CLANG_WARN_DEPRECATED_OBJC_IMPLEMENTATIONS = YES;
				CLANG_WARN_DIRECT_OBJC_ISA_USAGE = YES_ERROR;
				CLANG_WARN_DOCUMENTATION_COMMENTS = YES;
				CLANG_WARN_EMPTY_BODY = YES;
				CLANG_WARN_ENUM_CONVERSION = YES;
				CLANG_WARN_INFINITE_RECURSION = YES;
				CLANG_WARN_INT_CONVERSION = YES;
				CLANG_WARN_NON_LITERAL_NULL_CONVERSION = YES;
				CLANG_WARN_OBJC_IMPLICIT_RETAIN_SELF = YES;
				CLANG_WARN_OBJC_LITERAL_CONVERSION = YES;
				CLANG_WARN_OBJC_ROOT_CLASS = YES_ERROR;
				CLANG_WARN_QUOTED_INCLUDE_IN_FRAMEWORK_HEADER = YES;
				CLANG_WARN_RANGE_LOOP_ANALYSIS = YES;
				CLANG_WARN_STRICT_PROTOTYPES = YES;
				CLANG_WARN_SUSPICIOUS_MOVE = YES;
				CLANG_WARN_UNGUARDED_AVAILABILITY = YES_AGGRESSIVE;
				CLANG_WARN_UNREACHABLE_CODE = YES;
				CLANG_WARN__DUPLICATE_METHOD_MATCH = YES;
				COPY_PHASE_STRIP = NO;
				DEBUG_INFORMATION_FORMAT = "dwarf-with-dsym";
				ENABLE_NS_ASSERTIONS = NO;
				ENABLE_STRICT_OBJC_MSGSEND = YES;
				GCC_C_LANGUAGE_STANDARD = gnu11;
				GCC_NO_COMMON_BLOCKS = YES;
				GCC_WARN_64_TO_32_BIT_CONVERSION = YES;
				GCC_WARN_ABOUT_RETURN_TYPE = YES_ERROR;
				GCC_WARN_UNDECLARED_SELECTOR = YES;
				GCC_WARN_UNINITIALIZED_AUTOS = YES_AGGRESSIVE;
				GCC_WARN_UNUSED_FUNCTION = YES;
				GCC_WARN_UNUSED_VARIABLE = YES;
				IPHONEOS_DEPLOYMENT_TARGET = 15.5;
				MTL_ENABLE_DEBUG_INFO = NO;
				MTL_FAST_MATH = YES;
				SDKROOT = iphoneos;
				SWIFT_COMPILATION_MODE = wholemodule;
				SWIFT_OPTIMIZATION_LEVEL = "-O";
				VALIDATE_PRODUCT = YES;
			};
			name = Release;
		};
		4DB9A35A28996BB00035C1B2 /* Debug */ = {
			isa = XCBuildConfiguration;
			baseConfigurationReference = 8625A6B850225B23043576EA /* Pods-HorrorBM.debug.xcconfig */;
			buildSettings = {
				ASSETCATALOG_COMPILER_APPICON_NAME = AppIcon;
				ASSETCATALOG_COMPILER_GLOBAL_ACCENT_COLOR_NAME = AccentColor;
				CODE_SIGN_STYLE = Automatic;
				CURRENT_PROJECT_VERSION = 1;
				DEVELOPMENT_TEAM = TK75PYXMLS;
				GENERATE_INFOPLIST_FILE = YES;
				INFOPLIST_FILE = HorrorBM/Info.plist;
				INFOPLIST_KEY_UIApplicationSupportsIndirectInputEvents = YES;
				INFOPLIST_KEY_UILaunchStoryboardName = LaunchScreen;
				INFOPLIST_KEY_UIMainStoryboardFile = Main;
				INFOPLIST_KEY_UISupportedInterfaceOrientations_iPad = "UIInterfaceOrientationPortrait UIInterfaceOrientationPortraitUpsideDown UIInterfaceOrientationLandscapeLeft UIInterfaceOrientationLandscapeRight";
				INFOPLIST_KEY_UISupportedInterfaceOrientations_iPhone = "UIInterfaceOrientationPortrait UIInterfaceOrientationLandscapeLeft UIInterfaceOrientationLandscapeRight";
				LD_RUNPATH_SEARCH_PATHS = (
					"$(inherited)",
					"@executable_path/Frameworks",
				);
				MARKETING_VERSION = 1.0;
				PRODUCT_BUNDLE_IDENTIFIER = com.ProjetoCLima.HorrorBM;
				PRODUCT_NAME = "$(TARGET_NAME)";
				SWIFT_EMIT_LOC_STRINGS = YES;
				SWIFT_VERSION = 5.0;
				TARGETED_DEVICE_FAMILY = "1,2";
			};
			name = Debug;
		};
		4DB9A35B28996BB00035C1B2 /* Release */ = {
			isa = XCBuildConfiguration;
			baseConfigurationReference = C80F767F1A2FCB4620705C5C /* Pods-HorrorBM.release.xcconfig */;
			buildSettings = {
				ASSETCATALOG_COMPILER_APPICON_NAME = AppIcon;
				ASSETCATALOG_COMPILER_GLOBAL_ACCENT_COLOR_NAME = AccentColor;
				CODE_SIGN_STYLE = Automatic;
				CURRENT_PROJECT_VERSION = 1;
				DEVELOPMENT_TEAM = TK75PYXMLS;
				GENERATE_INFOPLIST_FILE = YES;
				INFOPLIST_FILE = HorrorBM/Info.plist;
				INFOPLIST_KEY_UIApplicationSupportsIndirectInputEvents = YES;
				INFOPLIST_KEY_UILaunchStoryboardName = LaunchScreen;
				INFOPLIST_KEY_UIMainStoryboardFile = Main;
				INFOPLIST_KEY_UISupportedInterfaceOrientations_iPad = "UIInterfaceOrientationPortrait UIInterfaceOrientationPortraitUpsideDown UIInterfaceOrientationLandscapeLeft UIInterfaceOrientationLandscapeRight";
				INFOPLIST_KEY_UISupportedInterfaceOrientations_iPhone = "UIInterfaceOrientationPortrait UIInterfaceOrientationLandscapeLeft UIInterfaceOrientationLandscapeRight";
				LD_RUNPATH_SEARCH_PATHS = (
					"$(inherited)",
					"@executable_path/Frameworks",
				);
				MARKETING_VERSION = 1.0;
				PRODUCT_BUNDLE_IDENTIFIER = com.ProjetoCLima.HorrorBM;
				PRODUCT_NAME = "$(TARGET_NAME)";
				SWIFT_EMIT_LOC_STRINGS = YES;
				SWIFT_VERSION = 5.0;
				TARGETED_DEVICE_FAMILY = "1,2";
			};
			name = Release;
		};
/* End XCBuildConfiguration section */

/* Begin XCConfigurationList section */
		4DB9A34028996BAE0035C1B2 /* Build configuration list for PBXProject "HorrorBM" */ = {
			isa = XCConfigurationList;
			buildConfigurations = (
				4DB9A35728996BB00035C1B2 /* Debug */,
				4DB9A35828996BB00035C1B2 /* Release */,
			);
			defaultConfigurationIsVisible = 0;
			defaultConfigurationName = Release;
		};
		4DB9A35928996BB00035C1B2 /* Build configuration list for PBXNativeTarget "HorrorBM" */ = {
			isa = XCConfigurationList;
			buildConfigurations = (
				4DB9A35A28996BB00035C1B2 /* Debug */,
				4DB9A35B28996BB00035C1B2 /* Release */,
			);
			defaultConfigurationIsVisible = 0;
			defaultConfigurationName = Release;
		};
/* End XCConfigurationList section */
	};
	rootObject = 4DB9A33D28996BAE0035C1B2 /* Project object */;
}
